// !$*UTF8*$!
{
	archiveVersion = 1;
	classes = {
	};
	objectVersion = 51;
	objects = {

/* Begin PBXBuildFile section */
		0705D9E87D33F2398F89B399 /* Pods_iTodo.framework in Frameworks */ = {isa = PBXBuildFile; fileRef = 7F54ECA71A91205446376F8E /* Pods_iTodo.framework */; };
		5236283D23D18D0C00EBA857 /* CategoryViewController.swift in Sources */ = {isa = PBXBuildFile; fileRef = 5236283C23D18D0C00EBA857 /* CategoryViewController.swift */; };
		5236283F23D18F8100EBA857 /* StoreCategoryEntityViewModel.swift in Sources */ = {isa = PBXBuildFile; fileRef = 5236283E23D18F8100EBA857 /* StoreCategoryEntityViewModel.swift */; };
		5236284123D191E300EBA857 /* TodoTableCell.swift in Sources */ = {isa = PBXBuildFile; fileRef = 5236284023D191E300EBA857 /* TodoTableCell.swift */; };
		526A39BE23CDBCBD002331F5 /* Todo.swift in Sources */ = {isa = PBXBuildFile; fileRef = 526A39BD23CDBCBD002331F5 /* Todo.swift */; };
		52B36EDB23CEC8A40053F8EB /* AppDataModel.xcdatamodeld in Sources */ = {isa = PBXBuildFile; fileRef = 52B36ED923CEC8A40053F8EB /* AppDataModel.xcdatamodeld */; };
		52B36EDD23CEEAB90053F8EB /* StoreTodoViewModel.swift in Sources */ = {isa = PBXBuildFile; fileRef = 52B36EDC23CEEAB90053F8EB /* StoreTodoViewModel.swift */; };
		52B36EDF23CEEBF00053F8EB /* StoreTodoEntityViewModel.swift in Sources */ = {isa = PBXBuildFile; fileRef = 52B36EDE23CEEBF00053F8EB /* StoreTodoEntityViewModel.swift */; };
		52E6197223CD56C90068C626 /* AppDelegate.swift in Sources */ = {isa = PBXBuildFile; fileRef = 52E6197123CD56C90068C626 /* AppDelegate.swift */; };
		52E6197423CD56C90068C626 /* SceneDelegate.swift in Sources */ = {isa = PBXBuildFile; fileRef = 52E6197323CD56C90068C626 /* SceneDelegate.swift */; };
		52E6197623CD56C90068C626 /* TodoViewController.swift in Sources */ = {isa = PBXBuildFile; fileRef = 52E6197523CD56C90068C626 /* TodoViewController.swift */; };
		52E6197B23CD56CD0068C626 /* Assets.xcassets in Resources */ = {isa = PBXBuildFile; fileRef = 52E6197A23CD56CD0068C626 /* Assets.xcassets */; };
		52E6197E23CD56CD0068C626 /* LaunchScreen.storyboard in Resources */ = {isa = PBXBuildFile; fileRef = 52E6197C23CD56CD0068C626 /* LaunchScreen.storyboard */; };
		52E6198923CD56CD0068C626 /* iTodoTests.swift in Sources */ = {isa = PBXBuildFile; fileRef = 52E6198823CD56CD0068C626 /* iTodoTests.swift */; };
		52E6199423CD56CD0068C626 /* iTodoUITests.swift in Sources */ = {isa = PBXBuildFile; fileRef = 52E6199323CD56CD0068C626 /* iTodoUITests.swift */; };
		52E619A223CD5BCF0068C626 /* CategoryTableCell.swift in Sources */ = {isa = PBXBuildFile; fileRef = 52E619A123CD5BCF0068C626 /* CategoryTableCell.swift */; };
		52E619A423CD5EC00068C626 /* StaticMethod.swift in Sources */ = {isa = PBXBuildFile; fileRef = 52E619A323CD5EC00068C626 /* StaticMethod.swift */; };
		6E57F2F4F3ABA3E8D8FF6F3C /* Pods_iTodoTests.framework in Frameworks */ = {isa = PBXBuildFile; fileRef = 917337F8481ABF573F147C94 /* Pods_iTodoTests.framework */; };
		996E96A645388D8F2CA39CA8 /* Pods_iTodo_iTodoUITests.framework in Frameworks */ = {isa = PBXBuildFile; fileRef = 91EA59C426EB6FC97F772AF7 /* Pods_iTodo_iTodoUITests.framework */; };
/* End PBXBuildFile section */

/* Begin PBXContainerItemProxy section */
		52E6198523CD56CD0068C626 /* PBXContainerItemProxy */ = {
			isa = PBXContainerItemProxy;
			containerPortal = 52E6196623CD56C90068C626 /* Project object */;
			proxyType = 1;
			remoteGlobalIDString = 52E6196D23CD56C90068C626;
			remoteInfo = iTodo;
		};
		52E6199023CD56CD0068C626 /* PBXContainerItemProxy */ = {
			isa = PBXContainerItemProxy;
			containerPortal = 52E6196623CD56C90068C626 /* Project object */;
			proxyType = 1;
			remoteGlobalIDString = 52E6196D23CD56C90068C626;
			remoteInfo = iTodo;
		};
/* End PBXContainerItemProxy section */

/* Begin PBXFileReference section */
		17775335435D3C2190FC8392 /* Pods-iTodo-iTodoUITests.debug.xcconfig */ = {isa = PBXFileReference; includeInIndex = 1; lastKnownFileType = text.xcconfig; name = "Pods-iTodo-iTodoUITests.debug.xcconfig"; path = "Target Support Files/Pods-iTodo-iTodoUITests/Pods-iTodo-iTodoUITests.debug.xcconfig"; sourceTree = "<group>"; };
		1CD7D6A04ECEDBF63496CB69 /* Pods-iTodoTests.debug.xcconfig */ = {isa = PBXFileReference; includeInIndex = 1; lastKnownFileType = text.xcconfig; name = "Pods-iTodoTests.debug.xcconfig"; path = "Target Support Files/Pods-iTodoTests/Pods-iTodoTests.debug.xcconfig"; sourceTree = "<group>"; };
		2170CCAB6B55AA5C0E07B35E /* Pods-iTodo-iTodoUITests.release.xcconfig */ = {isa = PBXFileReference; includeInIndex = 1; lastKnownFileType = text.xcconfig; name = "Pods-iTodo-iTodoUITests.release.xcconfig"; path = "Target Support Files/Pods-iTodo-iTodoUITests/Pods-iTodo-iTodoUITests.release.xcconfig"; sourceTree = "<group>"; };
		3EBD69199CDD1FEFF2609B61 /* Pods-iTodoTests.release.xcconfig */ = {isa = PBXFileReference; includeInIndex = 1; lastKnownFileType = text.xcconfig; name = "Pods-iTodoTests.release.xcconfig"; path = "Target Support Files/Pods-iTodoTests/Pods-iTodoTests.release.xcconfig"; sourceTree = "<group>"; };
		5236283C23D18D0C00EBA857 /* CategoryViewController.swift */ = {isa = PBXFileReference; lastKnownFileType = sourcecode.swift; path = CategoryViewController.swift; sourceTree = "<group>"; };
		5236283E23D18F8100EBA857 /* StoreCategoryEntityViewModel.swift */ = {isa = PBXFileReference; lastKnownFileType = sourcecode.swift; path = StoreCategoryEntityViewModel.swift; sourceTree = "<group>"; };
		5236284023D191E300EBA857 /* TodoTableCell.swift */ = {isa = PBXFileReference; lastKnownFileType = sourcecode.swift; path = TodoTableCell.swift; sourceTree = "<group>"; };
		526A39BD23CDBCBD002331F5 /* Todo.swift */ = {isa = PBXFileReference; lastKnownFileType = sourcecode.swift; path = Todo.swift; sourceTree = "<group>"; };
		52B36EDA23CEC8A40053F8EB /* AppDataModel.xcdatamodel */ = {isa = PBXFileReference; lastKnownFileType = wrapper.xcdatamodel; path = AppDataModel.xcdatamodel; sourceTree = "<group>"; };
		52B36EDC23CEEAB90053F8EB /* StoreTodoViewModel.swift */ = {isa = PBXFileReference; lastKnownFileType = sourcecode.swift; path = StoreTodoViewModel.swift; sourceTree = "<group>"; };
		52B36EDE23CEEBF00053F8EB /* StoreTodoEntityViewModel.swift */ = {isa = PBXFileReference; lastKnownFileType = sourcecode.swift; path = StoreTodoEntityViewModel.swift; sourceTree = "<group>"; };
		52E6196E23CD56C90068C626 /* iTodo.app */ = {isa = PBXFileReference; explicitFileType = wrapper.application; includeInIndex = 0; path = iTodo.app; sourceTree = BUILT_PRODUCTS_DIR; };
		52E6197123CD56C90068C626 /* AppDelegate.swift */ = {isa = PBXFileReference; lastKnownFileType = sourcecode.swift; path = AppDelegate.swift; sourceTree = "<group>"; };
		52E6197323CD56C90068C626 /* SceneDelegate.swift */ = {isa = PBXFileReference; lastKnownFileType = sourcecode.swift; path = SceneDelegate.swift; sourceTree = "<group>"; };
		52E6197523CD56C90068C626 /* TodoViewController.swift */ = {isa = PBXFileReference; lastKnownFileType = sourcecode.swift; path = TodoViewController.swift; sourceTree = "<group>"; };
		52E6197A23CD56CD0068C626 /* Assets.xcassets */ = {isa = PBXFileReference; lastKnownFileType = folder.assetcatalog; path = Assets.xcassets; sourceTree = "<group>"; };
		52E6197D23CD56CD0068C626 /* Base */ = {isa = PBXFileReference; lastKnownFileType = file.storyboard; name = Base; path = Base.lproj/LaunchScreen.storyboard; sourceTree = "<group>"; };
		52E6197F23CD56CD0068C626 /* Info.plist */ = {isa = PBXFileReference; lastKnownFileType = text.plist.xml; path = Info.plist; sourceTree = "<group>"; };
		52E6198423CD56CD0068C626 /* iTodoTests.xctest */ = {isa = PBXFileReference; explicitFileType = wrapper.cfbundle; includeInIndex = 0; path = iTodoTests.xctest; sourceTree = BUILT_PRODUCTS_DIR; };
		52E6198823CD56CD0068C626 /* iTodoTests.swift */ = {isa = PBXFileReference; lastKnownFileType = sourcecode.swift; path = iTodoTests.swift; sourceTree = "<group>"; };
		52E6198A23CD56CD0068C626 /* Info.plist */ = {isa = PBXFileReference; lastKnownFileType = text.plist.xml; path = Info.plist; sourceTree = "<group>"; };
		52E6198F23CD56CD0068C626 /* iTodoUITests.xctest */ = {isa = PBXFileReference; explicitFileType = wrapper.cfbundle; includeInIndex = 0; path = iTodoUITests.xctest; sourceTree = BUILT_PRODUCTS_DIR; };
		52E6199323CD56CD0068C626 /* iTodoUITests.swift */ = {isa = PBXFileReference; lastKnownFileType = sourcecode.swift; path = iTodoUITests.swift; sourceTree = "<group>"; };
		52E6199523CD56CD0068C626 /* Info.plist */ = {isa = PBXFileReference; lastKnownFileType = text.plist.xml; path = Info.plist; sourceTree = "<group>"; };
		52E619A123CD5BCF0068C626 /* CategoryTableCell.swift */ = {isa = PBXFileReference; lastKnownFileType = sourcecode.swift; path = CategoryTableCell.swift; sourceTree = "<group>"; };
		52E619A323CD5EC00068C626 /* StaticMethod.swift */ = {isa = PBXFileReference; lastKnownFileType = sourcecode.swift; path = StaticMethod.swift; sourceTree = "<group>"; };
		7B4F15B635FBECF7735F7B77 /* Pods-iTodo.debug.xcconfig */ = {isa = PBXFileReference; includeInIndex = 1; lastKnownFileType = text.xcconfig; name = "Pods-iTodo.debug.xcconfig"; path = "Target Support Files/Pods-iTodo/Pods-iTodo.debug.xcconfig"; sourceTree = "<group>"; };
		7F54ECA71A91205446376F8E /* Pods_iTodo.framework */ = {isa = PBXFileReference; explicitFileType = wrapper.framework; includeInIndex = 0; path = Pods_iTodo.framework; sourceTree = BUILT_PRODUCTS_DIR; };
		917337F8481ABF573F147C94 /* Pods_iTodoTests.framework */ = {isa = PBXFileReference; explicitFileType = wrapper.framework; includeInIndex = 0; path = Pods_iTodoTests.framework; sourceTree = BUILT_PRODUCTS_DIR; };
		91EA59C426EB6FC97F772AF7 /* Pods_iTodo_iTodoUITests.framework */ = {isa = PBXFileReference; explicitFileType = wrapper.framework; includeInIndex = 0; path = Pods_iTodo_iTodoUITests.framework; sourceTree = BUILT_PRODUCTS_DIR; };
		F11EC0EE2E1DAF9866DD22BF /* Pods-iTodo.release.xcconfig */ = {isa = PBXFileReference; includeInIndex = 1; lastKnownFileType = text.xcconfig; name = "Pods-iTodo.release.xcconfig"; path = "Target Support Files/Pods-iTodo/Pods-iTodo.release.xcconfig"; sourceTree = "<group>"; };
/* End PBXFileReference section */

/* Begin PBXFrameworksBuildPhase section */
		52E6196B23CD56C90068C626 /* Frameworks */ = {
			isa = PBXFrameworksBuildPhase;
			buildActionMask = 2147483647;
			files = (
				0705D9E87D33F2398F89B399 /* Pods_iTodo.framework in Frameworks */,
			);
			runOnlyForDeploymentPostprocessing = 0;
		};
		52E6198123CD56CD0068C626 /* Frameworks */ = {
			isa = PBXFrameworksBuildPhase;
			buildActionMask = 2147483647;
			files = (
				6E57F2F4F3ABA3E8D8FF6F3C /* Pods_iTodoTests.framework in Frameworks */,
			);
			runOnlyForDeploymentPostprocessing = 0;
		};
		52E6198C23CD56CD0068C626 /* Frameworks */ = {
			isa = PBXFrameworksBuildPhase;
			buildActionMask = 2147483647;
			files = (
				996E96A645388D8F2CA39CA8 /* Pods_iTodo_iTodoUITests.framework in Frameworks */,
			);
			runOnlyForDeploymentPostprocessing = 0;
		};
/* End PBXFrameworksBuildPhase section */

/* Begin PBXGroup section */
		52E6196523CD56C90068C626 = {
			isa = PBXGroup;
			children = (
				52E6197023CD56C90068C626 /* iTodo */,
				52E6198723CD56CD0068C626 /* iTodoTests */,
				52E6199223CD56CD0068C626 /* iTodoUITests */,
				52E6196F23CD56C90068C626 /* Products */,
				8AA9C36874B2E7FF1CE6A19C /* Pods */,
				F7A6EF1F21CCEFA554D7A38B /* Frameworks */,
			);
			sourceTree = "<group>";
		};
		52E6196F23CD56C90068C626 /* Products */ = {
			isa = PBXGroup;
			children = (
				52E6196E23CD56C90068C626 /* iTodo.app */,
				52E6198423CD56CD0068C626 /* iTodoTests.xctest */,
				52E6198F23CD56CD0068C626 /* iTodoUITests.xctest */,
			);
			name = Products;
			sourceTree = "<group>";
		};
		52E6197023CD56C90068C626 /* iTodo */ = {
			isa = PBXGroup;
			children = (
				52E6197123CD56C90068C626 /* AppDelegate.swift */,
				52E6197323CD56C90068C626 /* SceneDelegate.swift */,
				52E6197523CD56C90068C626 /* TodoViewController.swift */,
				52E6197A23CD56CD0068C626 /* Assets.xcassets */,
				52E6197C23CD56CD0068C626 /* LaunchScreen.storyboard */,
				52E6197F23CD56CD0068C626 /* Info.plist */,
				52E619A123CD5BCF0068C626 /* CategoryTableCell.swift */,
				52E619A323CD5EC00068C626 /* StaticMethod.swift */,
				526A39BD23CDBCBD002331F5 /* Todo.swift */,
				52B36ED923CEC8A40053F8EB /* AppDataModel.xcdatamodeld */,
				52B36EDC23CEEAB90053F8EB /* StoreTodoViewModel.swift */,
				52B36EDE23CEEBF00053F8EB /* StoreTodoEntityViewModel.swift */,
				5236283C23D18D0C00EBA857 /* CategoryViewController.swift */,
				5236283E23D18F8100EBA857 /* StoreCategoryEntityViewModel.swift */,
				5236284023D191E300EBA857 /* TodoTableCell.swift */,
			);
			path = iTodo;
			sourceTree = "<group>";
		};
		52E6198723CD56CD0068C626 /* iTodoTests */ = {
			isa = PBXGroup;
			children = (
				52E6198823CD56CD0068C626 /* iTodoTests.swift */,
				52E6198A23CD56CD0068C626 /* Info.plist */,
			);
			path = iTodoTests;
			sourceTree = "<group>";
		};
		52E6199223CD56CD0068C626 /* iTodoUITests */ = {
			isa = PBXGroup;
			children = (
				52E6199323CD56CD0068C626 /* iTodoUITests.swift */,
				52E6199523CD56CD0068C626 /* Info.plist */,
			);
			path = iTodoUITests;
			sourceTree = "<group>";
		};
		8AA9C36874B2E7FF1CE6A19C /* Pods */ = {
			isa = PBXGroup;
			children = (
				7B4F15B635FBECF7735F7B77 /* Pods-iTodo.debug.xcconfig */,
				F11EC0EE2E1DAF9866DD22BF /* Pods-iTodo.release.xcconfig */,
				17775335435D3C2190FC8392 /* Pods-iTodo-iTodoUITests.debug.xcconfig */,
				2170CCAB6B55AA5C0E07B35E /* Pods-iTodo-iTodoUITests.release.xcconfig */,
				1CD7D6A04ECEDBF63496CB69 /* Pods-iTodoTests.debug.xcconfig */,
				3EBD69199CDD1FEFF2609B61 /* Pods-iTodoTests.release.xcconfig */,
			);
			path = Pods;
			sourceTree = "<group>";
		};
		F7A6EF1F21CCEFA554D7A38B /* Frameworks */ = {
			isa = PBXGroup;
			children = (
				7F54ECA71A91205446376F8E /* Pods_iTodo.framework */,
				91EA59C426EB6FC97F772AF7 /* Pods_iTodo_iTodoUITests.framework */,
				917337F8481ABF573F147C94 /* Pods_iTodoTests.framework */,
			);
			name = Frameworks;
			sourceTree = "<group>";
		};
/* End PBXGroup section */

/* Begin PBXNativeTarget section */
		52E6196D23CD56C90068C626 /* iTodo */ = {
			isa = PBXNativeTarget;
			buildConfigurationList = 52E6199823CD56CD0068C626 /* Build configuration list for PBXNativeTarget "iTodo" */;
			buildPhases = (
				DBED4BF1FF8B2193534A5C8B /* [CP] Check Pods Manifest.lock */,
				52E6196A23CD56C90068C626 /* Sources */,
				52E6196B23CD56C90068C626 /* Frameworks */,
				52E6196C23CD56C90068C626 /* Resources */,
				151E61F9B04A521133D21E1F /* [CP] Embed Pods Frameworks */,
			);
			buildRules = (
			);
			dependencies = (
			);
			name = iTodo;
			productName = iTodo;
			productReference = 52E6196E23CD56C90068C626 /* iTodo.app */;
			productType = "com.apple.product-type.application";
		};
		52E6198323CD56CD0068C626 /* iTodoTests */ = {
			isa = PBXNativeTarget;
			buildConfigurationList = 52E6199B23CD56CD0068C626 /* Build configuration list for PBXNativeTarget "iTodoTests" */;
			buildPhases = (
				93327BEA8386FBD27D569F61 /* [CP] Check Pods Manifest.lock */,
				52E6198023CD56CD0068C626 /* Sources */,
				52E6198123CD56CD0068C626 /* Frameworks */,
				52E6198223CD56CD0068C626 /* Resources */,
			);
			buildRules = (
			);
			dependencies = (
				52E6198623CD56CD0068C626 /* PBXTargetDependency */,
			);
			name = iTodoTests;
			productName = iTodoTests;
			productReference = 52E6198423CD56CD0068C626 /* iTodoTests.xctest */;
			productType = "com.apple.product-type.bundle.unit-test";
		};
		52E6198E23CD56CD0068C626 /* iTodoUITests */ = {
			isa = PBXNativeTarget;
			buildConfigurationList = 52E6199E23CD56CD0068C626 /* Build configuration list for PBXNativeTarget "iTodoUITests" */;
			buildPhases = (
				29DB234CBDDD405EAC9117BF /* [CP] Check Pods Manifest.lock */,
				52E6198B23CD56CD0068C626 /* Sources */,
				52E6198C23CD56CD0068C626 /* Frameworks */,
				52E6198D23CD56CD0068C626 /* Resources */,
				CD03CACA6966A7136088322A /* [CP] Embed Pods Frameworks */,
			);
			buildRules = (
			);
			dependencies = (
				52E6199123CD56CD0068C626 /* PBXTargetDependency */,
			);
			name = iTodoUITests;
			productName = iTodoUITests;
			productReference = 52E6198F23CD56CD0068C626 /* iTodoUITests.xctest */;
			productType = "com.apple.product-type.bundle.ui-testing";
		};
/* End PBXNativeTarget section */

/* Begin PBXProject section */
		52E6196623CD56C90068C626 /* Project object */ = {
			isa = PBXProject;
			attributes = {
				LastSwiftUpdateCheck = 1130;
				LastUpgradeCheck = 1130;
				ORGANIZATIONNAME = TeamLuna;
				TargetAttributes = {
					52E6196D23CD56C90068C626 = {
						CreatedOnToolsVersion = 11.3;
					};
					52E6198323CD56CD0068C626 = {
						CreatedOnToolsVersion = 11.3;
						TestTargetID = 52E6196D23CD56C90068C626;
					};
					52E6198E23CD56CD0068C626 = {
						CreatedOnToolsVersion = 11.3;
						TestTargetID = 52E6196D23CD56C90068C626;
					};
				};
			};
			buildConfigurationList = 52E6196923CD56C90068C626 /* Build configuration list for PBXProject "iTodo" */;
			compatibilityVersion = "Xcode 9.3";
			developmentRegion = en;
			hasScannedForEncodings = 0;
			knownRegions = (
				en,
				Base,
			);
			mainGroup = 52E6196523CD56C90068C626;
			productRefGroup = 52E6196F23CD56C90068C626 /* Products */;
			projectDirPath = "";
			projectRoot = "";
			targets = (
				52E6196D23CD56C90068C626 /* iTodo */,
				52E6198323CD56CD0068C626 /* iTodoTests */,
				52E6198E23CD56CD0068C626 /* iTodoUITests */,
			);
		};
/* End PBXProject section */

/* Begin PBXResourcesBuildPhase section */
		52E6196C23CD56C90068C626 /* Resources */ = {
			isa = PBXResourcesBuildPhase;
			buildActionMask = 2147483647;
			files = (
				52E6197E23CD56CD0068C626 /* LaunchScreen.storyboard in Resources */,
				52E6197B23CD56CD0068C626 /* Assets.xcassets in Resources */,
			);
			runOnlyForDeploymentPostprocessing = 0;
		};
		52E6198223CD56CD0068C626 /* Resources */ = {
			isa = PBXResourcesBuildPhase;
			buildActionMask = 2147483647;
			files = (
			);
			runOnlyForDeploymentPostprocessing = 0;
		};
		52E6198D23CD56CD0068C626 /* Resources */ = {
			isa = PBXResourcesBuildPhase;
			buildActionMask = 2147483647;
			files = (
			);
			runOnlyForDeploymentPostprocessing = 0;
		};
/* End PBXResourcesBuildPhase section */

/* Begin PBXShellScriptBuildPhase section */
		151E61F9B04A521133D21E1F /* [CP] Embed Pods Frameworks */ = {
			isa = PBXShellScriptBuildPhase;
			buildActionMask = 2147483647;
			files = (
			);
			inputFileListPaths = (
				"${PODS_ROOT}/Target Support Files/Pods-iTodo/Pods-iTodo-frameworks-${CONFIGURATION}-input-files.xcfilelist",
			);
			name = "[CP] Embed Pods Frameworks";
			outputFileListPaths = (
				"${PODS_ROOT}/Target Support Files/Pods-iTodo/Pods-iTodo-frameworks-${CONFIGURATION}-output-files.xcfilelist",
			);
			runOnlyForDeploymentPostprocessing = 0;
			shellPath = /bin/sh;
			shellScript = "\"${PODS_ROOT}/Target Support Files/Pods-iTodo/Pods-iTodo-frameworks.sh\"\n";
			showEnvVarsInLog = 0;
		};
		29DB234CBDDD405EAC9117BF /* [CP] Check Pods Manifest.lock */ = {
			isa = PBXShellScriptBuildPhase;
			buildActionMask = 2147483647;
			files = (
			);
			inputFileListPaths = (
			);
			inputPaths = (
				"${PODS_PODFILE_DIR_PATH}/Podfile.lock",
				"${PODS_ROOT}/Manifest.lock",
			);
			name = "[CP] Check Pods Manifest.lock";
			outputFileListPaths = (
			);
			outputPaths = (
				"$(DERIVED_FILE_DIR)/Pods-iTodo-iTodoUITests-checkManifestLockResult.txt",
			);
			runOnlyForDeploymentPostprocessing = 0;
			shellPath = /bin/sh;
			shellScript = "diff \"${PODS_PODFILE_DIR_PATH}/Podfile.lock\" \"${PODS_ROOT}/Manifest.lock\" > /dev/null\nif [ $? != 0 ] ; then\n    # print error to STDERR\n    echo \"error: The sandbox is not in sync with the Podfile.lock. Run 'pod install' or update your CocoaPods installation.\" >&2\n    exit 1\nfi\n# This output is used by Xcode 'outputs' to avoid re-running this script phase.\necho \"SUCCESS\" > \"${SCRIPT_OUTPUT_FILE_0}\"\n";
			showEnvVarsInLog = 0;
		};
		93327BEA8386FBD27D569F61 /* [CP] Check Pods Manifest.lock */ = {
			isa = PBXShellScriptBuildPhase;
			buildActionMask = 2147483647;
			files = (
			);
			inputFileListPaths = (
			);
			inputPaths = (
				"${PODS_PODFILE_DIR_PATH}/Podfile.lock",
				"${PODS_ROOT}/Manifest.lock",
			);
			name = "[CP] Check Pods Manifest.lock";
			outputFileListPaths = (
			);
			outputPaths = (
				"$(DERIVED_FILE_DIR)/Pods-iTodoTests-checkManifestLockResult.txt",
			);
			runOnlyForDeploymentPostprocessing = 0;
			shellPath = /bin/sh;
			shellScript = "diff \"${PODS_PODFILE_DIR_PATH}/Podfile.lock\" \"${PODS_ROOT}/Manifest.lock\" > /dev/null\nif [ $? != 0 ] ; then\n    # print error to STDERR\n    echo \"error: The sandbox is not in sync with the Podfile.lock. Run 'pod install' or update your CocoaPods installation.\" >&2\n    exit 1\nfi\n# This output is used by Xcode 'outputs' to avoid re-running this script phase.\necho \"SUCCESS\" > \"${SCRIPT_OUTPUT_FILE_0}\"\n";
			showEnvVarsInLog = 0;
		};
		CD03CACA6966A7136088322A /* [CP] Embed Pods Frameworks */ = {
			isa = PBXShellScriptBuildPhase;
			buildActionMask = 2147483647;
			files = (
			);
			inputFileListPaths = (
				"${PODS_ROOT}/Target Support Files/Pods-iTodo-iTodoUITests/Pods-iTodo-iTodoUITests-frameworks-${CONFIGURATION}-input-files.xcfilelist",
			);
			name = "[CP] Embed Pods Frameworks";
			outputFileListPaths = (
				"${PODS_ROOT}/Target Support Files/Pods-iTodo-iTodoUITests/Pods-iTodo-iTodoUITests-frameworks-${CONFIGURATION}-output-files.xcfilelist",
			);
			runOnlyForDeploymentPostprocessing = 0;
			shellPath = /bin/sh;
			shellScript = "\"${PODS_ROOT}/Target Support Files/Pods-iTodo-iTodoUITests/Pods-iTodo-iTodoUITests-frameworks.sh\"\n";
			showEnvVarsInLog = 0;
		};
		DBED4BF1FF8B2193534A5C8B /* [CP] Check Pods Manifest.lock */ = {
			isa = PBXShellScriptBuildPhase;
			buildActionMask = 2147483647;
			files = (
			);
			inputFileListPaths = (
			);
			inputPaths = (
				"${PODS_PODFILE_DIR_PATH}/Podfile.lock",
				"${PODS_ROOT}/Manifest.lock",
			);
			name = "[CP] Check Pods Manifest.lock";
			outputFileListPaths = (
			);
			outputPaths = (
				"$(DERIVED_FILE_DIR)/Pods-iTodo-checkManifestLockResult.txt",
			);
			runOnlyForDeploymentPostprocessing = 0;
			shellPath = /bin/sh;
			shellScript = "diff \"${PODS_PODFILE_DIR_PATH}/Podfile.lock\" \"${PODS_ROOT}/Manifest.lock\" > /dev/null\nif [ $? != 0 ] ; then\n    # print error to STDERR\n    echo \"error: The sandbox is not in sync with the Podfile.lock. Run 'pod install' or update your CocoaPods installation.\" >&2\n    exit 1\nfi\n# This output is used by Xcode 'outputs' to avoid re-running this script phase.\necho \"SUCCESS\" > \"${SCRIPT_OUTPUT_FILE_0}\"\n";
			showEnvVarsInLog = 0;
		};
/* End PBXShellScriptBuildPhase section */

/* Begin PBXSourcesBuildPhase section */
		52E6196A23CD56C90068C626 /* Sources */ = {
			isa = PBXSourcesBuildPhase;
			buildActionMask = 2147483647;
			files = (
				5236283D23D18D0C00EBA857 /* CategoryViewController.swift in Sources */,
				52B36EDF23CEEBF00053F8EB /* StoreTodoEntityViewModel.swift in Sources */,
				52E619A423CD5EC00068C626 /* StaticMethod.swift in Sources */,
				526A39BE23CDBCBD002331F5 /* Todo.swift in Sources */,
				5236283F23D18F8100EBA857 /* StoreCategoryEntityViewModel.swift in Sources */,
				52B36EDD23CEEAB90053F8EB /* StoreTodoViewModel.swift in Sources */,
				52E619A223CD5BCF0068C626 /* CategoryTableCell.swift in Sources */,
				52E6197623CD56C90068C626 /* TodoViewController.swift in Sources */,
				5236284123D191E300EBA857 /* TodoTableCell.swift in Sources */,
				52B36EDB23CEC8A40053F8EB /* AppDataModel.xcdatamodeld in Sources */,
				52E6197223CD56C90068C626 /* AppDelegate.swift in Sources */,
				52E6197423CD56C90068C626 /* SceneDelegate.swift in Sources */,
			);
			runOnlyForDeploymentPostprocessing = 0;
		};
		52E6198023CD56CD0068C626 /* Sources */ = {
			isa = PBXSourcesBuildPhase;
			buildActionMask = 2147483647;
			files = (
				52E6198923CD56CD0068C626 /* iTodoTests.swift in Sources */,
			);
			runOnlyForDeploymentPostprocessing = 0;
		};
		52E6198B23CD56CD0068C626 /* Sources */ = {
			isa = PBXSourcesBuildPhase;
			buildActionMask = 2147483647;
			files = (
				52E6199423CD56CD0068C626 /* iTodoUITests.swift in Sources */,
			);
			runOnlyForDeploymentPostprocessing = 0;
		};
/* End PBXSourcesBuildPhase section */

/* Begin PBXTargetDependency section */
		52E6198623CD56CD0068C626 /* PBXTargetDependency */ = {
			isa = PBXTargetDependency;
			target = 52E6196D23CD56C90068C626 /* iTodo */;
			targetProxy = 52E6198523CD56CD0068C626 /* PBXContainerItemProxy */;
		};
		52E6199123CD56CD0068C626 /* PBXTargetDependency */ = {
			isa = PBXTargetDependency;
			target = 52E6196D23CD56C90068C626 /* iTodo */;
			targetProxy = 52E6199023CD56CD0068C626 /* PBXContainerItemProxy */;
		};
/* End PBXTargetDependency section */

/* Begin PBXVariantGroup section */
		52E6197C23CD56CD0068C626 /* LaunchScreen.storyboard */ = {
			isa = PBXVariantGroup;
			children = (
				52E6197D23CD56CD0068C626 /* Base */,
			);
			name = LaunchScreen.storyboard;
			sourceTree = "<group>";
		};
/* End PBXVariantGroup section */

/* Begin XCBuildConfiguration section */
		52E6199623CD56CD0068C626 /* Debug */ = {
			isa = XCBuildConfiguration;
			buildSettings = {
				ALWAYS_SEARCH_USER_PATHS = NO;
				CLANG_ANALYZER_NONNULL = YES;
				CLANG_ANALYZER_NUMBER_OBJECT_CONVERSION = YES_AGGRESSIVE;
				CLANG_CXX_LANGUAGE_STANDARD = "gnu++14";
				CLANG_CXX_LIBRARY = "libc++";
				CLANG_ENABLE_MODULES = YES;
				CLANG_ENABLE_OBJC_ARC = YES;
				CLANG_ENABLE_OBJC_WEAK = YES;
				CLANG_WARN_BLOCK_CAPTURE_AUTORELEASING = YES;
				CLANG_WARN_BOOL_CONVERSION = YES;
				CLANG_WARN_COMMA = YES;
				CLANG_WARN_CONSTANT_CONVERSION = YES;
				CLANG_WARN_DEPRECATED_OBJC_IMPLEMENTATIONS = YES;
				CLANG_WARN_DIRECT_OBJC_ISA_USAGE = YES_ERROR;
				CLANG_WARN_DOCUMENTATION_COMMENTS = YES;
				CLANG_WARN_EMPTY_BODY = YES;
				CLANG_WARN_ENUM_CONVERSION = YES;
				CLANG_WARN_INFINITE_RECURSION = YES;
				CLANG_WARN_INT_CONVERSION = YES;
				CLANG_WARN_NON_LITERAL_NULL_CONVERSION = YES;
				CLANG_WARN_OBJC_IMPLICIT_RETAIN_SELF = YES;
				CLANG_WARN_OBJC_LITERAL_CONVERSION = YES;
				CLANG_WARN_OBJC_ROOT_CLASS = YES_ERROR;
				CLANG_WARN_RANGE_LOOP_ANALYSIS = YES;
				CLANG_WARN_STRICT_PROTOTYPES = YES;
				CLANG_WARN_SUSPICIOUS_MOVE = YES;
				CLANG_WARN_UNGUARDED_AVAILABILITY = YES_AGGRESSIVE;
				CLANG_WARN_UNREACHABLE_CODE = YES;
				CLANG_WARN__DUPLICATE_METHOD_MATCH = YES;
				COPY_PHASE_STRIP = NO;
				DEBUG_INFORMATION_FORMAT = dwarf;
				ENABLE_STRICT_OBJC_MSGSEND = YES;
				ENABLE_TESTABILITY = YES;
				GCC_C_LANGUAGE_STANDARD = gnu11;
				GCC_DYNAMIC_NO_PIC = NO;
				GCC_NO_COMMON_BLOCKS = YES;
				GCC_OPTIMIZATION_LEVEL = 0;
				GCC_PREPROCESSOR_DEFINITIONS = (
					"DEBUG=1",
					"$(inherited)",
				);
				GCC_WARN_64_TO_32_BIT_CONVERSION = YES;
				GCC_WARN_ABOUT_RETURN_TYPE = YES_ERROR;
				GCC_WARN_UNDECLARED_SELECTOR = YES;
				GCC_WARN_UNINITIALIZED_AUTOS = YES_AGGRESSIVE;
				GCC_WARN_UNUSED_FUNCTION = YES;
				GCC_WARN_UNUSED_VARIABLE = YES;
				IPHONEOS_DEPLOYMENT_TARGET = 13.2;
				MTL_ENABLE_DEBUG_INFO = INCLUDE_SOURCE;
				MTL_FAST_MATH = YES;
				ONLY_ACTIVE_ARCH = YES;
				SDKROOT = iphoneos;
				SWIFT_ACTIVE_COMPILATION_CONDITIONS = DEBUG;
				SWIFT_OPTIMIZATION_LEVEL = "-Onone";
			};
			name = Debug;
		};
		52E6199723CD56CD0068C626 /* Release */ = {
			isa = XCBuildConfiguration;
			buildSettings = {
				ALWAYS_SEARCH_USER_PATHS = NO;
				CLANG_ANALYZER_NONNULL = YES;
				CLANG_ANALYZER_NUMBER_OBJECT_CONVERSION = YES_AGGRESSIVE;
				CLANG_CXX_LANGUAGE_STANDARD = "gnu++14";
				CLANG_CXX_LIBRARY = "libc++";
				CLANG_ENABLE_MODULES = YES;
				CLANG_ENABLE_OBJC_ARC = YES;
				CLANG_ENABLE_OBJC_WEAK = YES;
				CLANG_WARN_BLOCK_CAPTURE_AUTORELEASING = YES;
				CLANG_WARN_BOOL_CONVERSION = YES;
				CLANG_WARN_COMMA = YES;
				CLANG_WARN_CONSTANT_CONVERSION = YES;
				CLANG_WARN_DEPRECATED_OBJC_IMPLEMENTATIONS = YES;
				CLANG_WARN_DIRECT_OBJC_ISA_USAGE = YES_ERROR;
				CLANG_WARN_DOCUMENTATION_COMMENTS = YES;
				CLANG_WARN_EMPTY_BODY = YES;
				CLANG_WARN_ENUM_CONVERSION = YES;
				CLANG_WARN_INFINITE_RECURSION = YES;
				CLANG_WARN_INT_CONVERSION = YES;
				CLANG_WARN_NON_LITERAL_NULL_CONVERSION = YES;
				CLANG_WARN_OBJC_IMPLICIT_RETAIN_SELF = YES;
				CLANG_WARN_OBJC_LITERAL_CONVERSION = YES;
				CLANG_WARN_OBJC_ROOT_CLASS = YES_ERROR;
				CLANG_WARN_RANGE_LOOP_ANALYSIS = YES;
				CLANG_WARN_STRICT_PROTOTYPES = YES;
				CLANG_WARN_SUSPICIOUS_MOVE = YES;
				CLANG_WARN_UNGUARDED_AVAILABILITY = YES_AGGRESSIVE;
				CLANG_WARN_UNREACHABLE_CODE = YES;
				CLANG_WARN__DUPLICATE_METHOD_MATCH = YES;
				COPY_PHASE_STRIP = NO;
				DEBUG_INFORMATION_FORMAT = "dwarf-with-dsym";
				ENABLE_NS_ASSERTIONS = NO;
				ENABLE_STRICT_OBJC_MSGSEND = YES;
				GCC_C_LANGUAGE_STANDARD = gnu11;
				GCC_NO_COMMON_BLOCKS = YES;
				GCC_WARN_64_TO_32_BIT_CONVERSION = YES;
				GCC_WARN_ABOUT_RETURN_TYPE = YES_ERROR;
				GCC_WARN_UNDECLARED_SELECTOR = YES;
				GCC_WARN_UNINITIALIZED_AUTOS = YES_AGGRESSIVE;
				GCC_WARN_UNUSED_FUNCTION = YES;
				GCC_WARN_UNUSED_VARIABLE = YES;
				IPHONEOS_DEPLOYMENT_TARGET = 13.2;
				MTL_ENABLE_DEBUG_INFO = NO;
				MTL_FAST_MATH = YES;
				SDKROOT = iphoneos;
				SWIFT_COMPILATION_MODE = wholemodule;
				SWIFT_OPTIMIZATION_LEVEL = "-O";
				VALIDATE_PRODUCT = YES;
			};
			name = Release;
		};
		52E6199923CD56CD0068C626 /* Debug */ = {
			isa = XCBuildConfiguration;
			baseConfigurationReference = 7B4F15B635FBECF7735F7B77 /* Pods-iTodo.debug.xcconfig */;
			buildSettings = {
				ASSETCATALOG_COMPILER_APPICON_NAME = AppIcon;
				CODE_SIGN_IDENTITY = "Apple Development";
				CODE_SIGN_STYLE = Automatic;
				DEVELOPMENT_TEAM = B9C7RXV7S2;
				INFOPLIST_FILE = iTodo/Info.plist;
				LD_RUNPATH_SEARCH_PATHS = (
					"$(inherited)",
					"@executable_path/Frameworks",
				);
				PRODUCT_BUNDLE_IDENTIFIER = HienHo.iTodo;
				PRODUCT_NAME = "$(TARGET_NAME)";
				PROVISIONING_PROFILE_SPECIFIER = "";
				SWIFT_VERSION = 5.0;
				TARGETED_DEVICE_FAMILY = "1,2";
			};
			name = Debug;
		};
		52E6199A23CD56CD0068C626 /* Release */ = {
			isa = XCBuildConfiguration;
			baseConfigurationReference = F11EC0EE2E1DAF9866DD22BF /* Pods-iTodo.release.xcconfig */;
			buildSettings = {
				ASSETCATALOG_COMPILER_APPICON_NAME = AppIcon;
				CODE_SIGN_IDENTITY = "Apple Development";
				CODE_SIGN_STYLE = Automatic;
				DEVELOPMENT_TEAM = B9C7RXV7S2;
				INFOPLIST_FILE = iTodo/Info.plist;
				LD_RUNPATH_SEARCH_PATHS = (
					"$(inherited)",
					"@executable_path/Frameworks",
				);
				PRODUCT_BUNDLE_IDENTIFIER = HienHo.iTodo;
				PRODUCT_NAME = "$(TARGET_NAME)";
				PROVISIONING_PROFILE_SPECIFIER = "";
				SWIFT_VERSION = 5.0;
				TARGETED_DEVICE_FAMILY = "1,2";
			};
			name = Release;
		};
		52E6199C23CD56CD0068C626 /* Debug */ = {
			isa = XCBuildConfiguration;
			baseConfigurationReference = 1CD7D6A04ECEDBF63496CB69 /* Pods-iTodoTests.debug.xcconfig */;
			buildSettings = {
				ALWAYS_EMBED_SWIFT_STANDARD_LIBRARIES = YES;
				BUNDLE_LOADER = "$(TEST_HOST)";
				CODE_SIGN_STYLE = Automatic;
				DEVELOPMENT_TEAM = B9C7RXV7S2;
				INFOPLIST_FILE = iTodoTests/Info.plist;
				IPHONEOS_DEPLOYMENT_TARGET = 13.2;
				LD_RUNPATH_SEARCH_PATHS = (
					"$(inherited)",
					"@executable_path/Frameworks",
					"@loader_path/Frameworks",
				);
				PRODUCT_BUNDLE_IDENTIFIER = HienHo.iTodoTests;
				PRODUCT_NAME = "$(TARGET_NAME)";
				SWIFT_VERSION = 5.0;
				TARGETED_DEVICE_FAMILY = "1,2";
				TEST_HOST = "$(BUILT_PRODUCTS_DIR)/iTodo.app/iTodo";
			};
			name = Debug;
		};
		52E6199D23CD56CD0068C626 /* Release */ = {
			isa = XCBuildConfiguration;
			baseConfigurationReference = 3EBD69199CDD1FEFF2609B61 /* Pods-iTodoTests.release.xcconfig */;
			buildSettings = {
				ALWAYS_EMBED_SWIFT_STANDARD_LIBRARIES = YES;
				BUNDLE_LOADER = "$(TEST_HOST)";
				CODE_SIGN_STYLE = Automatic;
				DEVELOPMENT_TEAM = B9C7RXV7S2;
				INFOPLIST_FILE = iTodoTests/Info.plist;
				IPHONEOS_DEPLOYMENT_TARGET = 13.2;
				LD_RUNPATH_SEARCH_PATHS = (
					"$(inherited)",
					"@executable_path/Frameworks",
					"@loader_path/Frameworks",
				);
				PRODUCT_BUNDLE_IDENTIFIER = HienHo.iTodoTests;
				PRODUCT_NAME = "$(TARGET_NAME)";
				SWIFT_VERSION = 5.0;
				TARGETED_DEVICE_FAMILY = "1,2";
				TEST_HOST = "$(BUILT_PRODUCTS_DIR)/iTodo.app/iTodo";
			};
			name = Release;
		};
		52E6199F23CD56CD0068C626 /* Debug */ = {
			isa = XCBuildConfiguration;
			baseConfigurationReference = 17775335435D3C2190FC8392 /* Pods-iTodo-iTodoUITests.debug.xcconfig */;
			buildSettings = {
				ALWAYS_EMBED_SWIFT_STANDARD_LIBRARIES = YES;
				CODE_SIGN_STYLE = Automatic;
				DEVELOPMENT_TEAM = B9C7RXV7S2;
				INFOPLIST_FILE = iTodoUITests/Info.plist;
				LD_RUNPATH_SEARCH_PATHS = (
					"$(inherited)",
					"@executable_path/Frameworks",
					"@loader_path/Frameworks",
				);
				PRODUCT_BUNDLE_IDENTIFIER = HienHo.iTodoUITests;
				PRODUCT_NAME = "$(TARGET_NAME)";
				SWIFT_VERSION = 5.0;
				TARGETED_DEVICE_FAMILY = "1,2";
				TEST_TARGET_NAME = iTodo;
			};
			name = Debug;
		};
		52E619A023CD56CD0068C626 /* Release */ = {
			isa = XCBuildConfiguration;
			baseConfigurationReference = 2170CCAB6B55AA5C0E07B35E /* Pods-iTodo-iTodoUITests.release.xcconfig */;
			buildSettings = {
				ALWAYS_EMBED_SWIFT_STANDARD_LIBRARIES = YES;
				CODE_SIGN_STYLE = Automatic;
				DEVELOPMENT_TEAM = B9C7RXV7S2;
				INFOPLIST_FILE = iTodoUITests/Info.plist;
				LD_RUNPATH_SEARCH_PATHS = (
					"$(inherited)",
					"@executable_path/Frameworks",
					"@loader_path/Frameworks",
				);
				PRODUCT_BUNDLE_IDENTIFIER = HienHo.iTodoUITests;
				PRODUCT_NAME = "$(TARGET_NAME)";
				SWIFT_VERSION = 5.0;
				TARGETED_DEVICE_FAMILY = "1,2";
				TEST_TARGET_NAME = iTodo;
			};
			name = Release;
		};
/* End XCBuildConfiguration section */

/* Begin XCConfigurationList section */
		52E6196923CD56C90068C626 /* Build configuration list for PBXProject "iTodo" */ = {
			isa = XCConfigurationList;
			buildConfigurations = (
				52E6199623CD56CD0068C626 /* Debug */,
				52E6199723CD56CD0068C626 /* Release */,
			);
			defaultConfigurationIsVisible = 0;
			defaultConfigurationName = Release;
		};
		52E6199823CD56CD0068C626 /* Build configuration list for PBXNativeTarget "iTodo" */ = {
			isa = XCConfigurationList;
			buildConfigurations = (
				52E6199923CD56CD0068C626 /* Debug */,
				52E6199A23CD56CD0068C626 /* Release */,
			);
			defaultConfigurationIsVisible = 0;
			defaultConfigurationName = Release;
		};
		52E6199B23CD56CD0068C626 /* Build configuration list for PBXNativeTarget "iTodoTests" */ = {
			isa = XCConfigurationList;
			buildConfigurations = (
				52E6199C23CD56CD0068C626 /* Debug */,
				52E6199D23CD56CD0068C626 /* Release */,
			);
			defaultConfigurationIsVisible = 0;
			defaultConfigurationName = Release;
		};
		52E6199E23CD56CD0068C626 /* Build configuration list for PBXNativeTarget "iTodoUITests" */ = {
			isa = XCConfigurationList;
			buildConfigurations = (
				52E6199F23CD56CD0068C626 /* Debug */,
				52E619A023CD56CD0068C626 /* Release */,
			);
			defaultConfigurationIsVisible = 0;
			defaultConfigurationName = Release;
		};
/* End XCConfigurationList section */

/* Begin XCVersionGroup section */
		52B36ED923CEC8A40053F8EB /* AppDataModel.xcdatamodeld */ = {
			isa = XCVersionGroup;
			children = (
				52B36EDA23CEC8A40053F8EB /* AppDataModel.xcdatamodel */,
			);
			currentVersion = 52B36EDA23CEC8A40053F8EB /* AppDataModel.xcdatamodel */;
			path = AppDataModel.xcdatamodeld;
			sourceTree = "<group>";
			versionGroupType = wrapper.xcdatamodel;
		};
/* End XCVersionGroup section */
	};
	rootObject = 52E6196623CD56C90068C626 /* Project object */;
}
