// !$*UTF8*$!
{
	archiveVersion = 1;
	classes = {
	};
	objectVersion = 50;
	objects = {

/* Begin PBXBuildFile section */
		52E6197223CD56C90068C626 /* AppDelegate.swift in Sources */ = {isa = PBXBuildFile; fileRef = 52E6197123CD56C90068C626 /* AppDelegate.swift */; };
		52E6197423CD56C90068C626 /* SceneDelegate.swift in Sources */ = {isa = PBXBuildFile; fileRef = 52E6197323CD56C90068C626 /* SceneDelegate.swift */; };
		52E6197623CD56C90068C626 /* ViewController.swift in Sources */ = {isa = PBXBuildFile; fileRef = 52E6197523CD56C90068C626 /* ViewController.swift */; };
		52E6197923CD56C90068C626 /* Main.storyboard in Resources */ = {isa = PBXBuildFile; fileRef = 52E6197723CD56C90068C626 /* Main.storyboard */; };
		52E6197B23CD56CD0068C626 /* Assets.xcassets in Resources */ = {isa = PBXBuildFile; fileRef = 52E6197A23CD56CD0068C626 /* Assets.xcassets */; };
		52E6197E23CD56CD0068C626 /* LaunchScreen.storyboard in Resources */ = {isa = PBXBuildFile; fileRef = 52E6197C23CD56CD0068C626 /* LaunchScreen.storyboard */; };
		52E6198923CD56CD0068C626 /* iTodoTests.swift in Sources */ = {isa = PBXBuildFile; fileRef = 52E6198823CD56CD0068C626 /* iTodoTests.swift */; };
		52E6199423CD56CD0068C626 /* iTodoUITests.swift in Sources */ = {isa = PBXBuildFile; fileRef = 52E6199323CD56CD0068C626 /* iTodoUITests.swift */; };
/* End PBXBuildFile section */

/* Begin PBXContainerItemProxy section */
		52E6198523CD56CD0068C626 /* PBXContainerItemProxy */ = {
			isa = PBXContainerItemProxy;
			containerPortal = 52E6196623CD56C90068C626 /* Project object */;
			proxyType = 1;
			remoteGlobalIDString = 52E6196D23CD56C90068C626;
			remoteInfo = iTodo;
		};
		52E6199023CD56CD0068C626 /* PBXContainerItemProxy */ = {
			isa = PBXContainerItemProxy;
			containerPortal = 52E6196623CD56C90068C626 /* Project object */;
			proxyType = 1;
			remoteGlobalIDString = 52E6196D23CD56C90068C626;
			remoteInfo = iTodo;
		};
/* End PBXContainerItemProxy section */

/* Begin PBXFileReference section */
		52E6196E23CD56C90068C626 /* iTodo.app */ = {isa = PBXFileReference; explicitFileType = wrapper.application; includeInIndex = 0; path = iTodo.app; sourceTree = BUILT_PRODUCTS_DIR; };
		52E6197123CD56C90068C626 /* AppDelegate.swift */ = {isa = PBXFileReference; lastKnownFileType = sourcecode.swift; path = AppDelegate.swift; sourceTree = "<group>"; };
		52E6197323CD56C90068C626 /* SceneDelegate.swift */ = {isa = PBXFileReference; lastKnownFileType = sourcecode.swift; path = SceneDelegate.swift; sourceTree = "<group>"; };
		52E6197523CD56C90068C626 /* ViewController.swift */ = {isa = PBXFileReference; lastKnownFileType = sourcecode.swift; path = ViewController.swift; sourceTree = "<group>"; };
		52E6197823CD56C90068C626 /* Base */ = {isa = PBXFileReference; lastKnownFileType = file.storyboard; name = Base; path = Base.lproj/Main.storyboard; sourceTree = "<group>"; };
		52E6197A23CD56CD0068C626 /* Assets.xcassets */ = {isa = PBXFileReference; lastKnownFileType = folder.assetcatalog; path = Assets.xcassets; sourceTree = "<group>"; };
		52E6197D23CD56CD0068C626 /* Base */ = {isa = PBXFileReference; lastKnownFileType = file.storyboard; name = Base; path = Base.lproj/LaunchScreen.storyboard; sourceTree = "<group>"; };
		52E6197F23CD56CD0068C626 /* Info.plist */ = {isa = PBXFileReference; lastKnownFileType = text.plist.xml; path = Info.plist; sourceTree = "<group>"; };
		52E6198423CD56CD0068C626 /* iTodoTests.xctest */ = {isa = PBXFileReference; explicitFileType = wrapper.cfbundle; includeInIndex = 0; path = iTodoTests.xctest; sourceTree = BUILT_PRODUCTS_DIR; };
		52E6198823CD56CD0068C626 /* iTodoTests.swift */ = {isa = PBXFileReference; lastKnownFileType = sourcecode.swift; path = iTodoTests.swift; sourceTree = "<group>"; };
		52E6198A23CD56CD0068C626 /* Info.plist */ = {isa = PBXFileReference; lastKnownFileType = text.plist.xml; path = Info.plist; sourceTree = "<group>"; };
		52E6198F23CD56CD0068C626 /* iTodoUITests.xctest */ = {isa = PBXFileReference; explicitFileType = wrapper.cfbundle; includeInIndex = 0; path = iTodoUITests.xctest; sourceTree = BUILT_PRODUCTS_DIR; };
		52E6199323CD56CD0068C626 /* iTodoUITests.swift */ = {isa = PBXFileReference; lastKnownFileType = sourcecode.swift; path = iTodoUITests.swift; sourceTree = "<group>"; };
		52E6199523CD56CD0068C626 /* Info.plist */ = {isa = PBXFileReference; lastKnownFileType = text.plist.xml; path = Info.plist; sourceTree = "<group>"; };
/* End PBXFileReference section */

/* Begin PBXFrameworksBuildPhase section */
		52E6196B23CD56C90068C626 /* Frameworks */ = {
			isa = PBXFrameworksBuildPhase;
			buildActionMask = 2147483647;
			files = (
			);
			runOnlyForDeploymentPostprocessing = 0;
		};
		52E6198123CD56CD0068C626 /* Frameworks */ = {
			isa = PBXFrameworksBuildPhase;
			buildActionMask = 2147483647;
			files = (
			);
			runOnlyForDeploymentPostprocessing = 0;
		};
		52E6198C23CD56CD0068C626 /* Frameworks */ = {
			isa = PBXFrameworksBuildPhase;
			buildActionMask = 2147483647;
			files = (
			);
			runOnlyForDeploymentPostprocessing = 0;
		};
/* End PBXFrameworksBuildPhase section */

/* Begin PBXGroup section */
		52E6196523CD56C90068C626 = {
			isa = PBXGroup;
			children = (
				52E6197023CD56C90068C626 /* iTodo */,
				52E6198723CD56CD0068C626 /* iTodoTests */,
				52E6199223CD56CD0068C626 /* iTodoUITests */,
				52E6196F23CD56C90068C626 /* Products */,
			);
			sourceTree = "<group>";
		};
		52E6196F23CD56C90068C626 /* Products */ = {
			isa = PBXGroup;
			children = (
				52E6196E23CD56C90068C626 /* iTodo.app */,
				52E6198423CD56CD0068C626 /* iTodoTests.xctest */,
				52E6198F23CD56CD0068C626 /* iTodoUITests.xctest */,
			);
			name = Products;
			sourceTree = "<group>";
		};
		52E6197023CD56C90068C626 /* iTodo */ = {
			isa = PBXGroup;
			children = (
				52E6197123CD56C90068C626 /* AppDelegate.swift */,
				52E6197323CD56C90068C626 /* SceneDelegate.swift */,
				52E6197523CD56C90068C626 /* ViewController.swift */,
				52E6197723CD56C90068C626 /* Main.storyboard */,
				52E6197A23CD56CD0068C626 /* Assets.xcassets */,
				52E6197C23CD56CD0068C626 /* LaunchScreen.storyboard */,
				52E6197F23CD56CD0068C626 /* Info.plist */,
			);
			path = iTodo;
			sourceTree = "<group>";
		};
		52E6198723CD56CD0068C626 /* iTodoTests */ = {
			isa = PBXGroup;
			children = (
				52E6198823CD56CD0068C626 /* iTodoTests.swift */,
				52E6198A23CD56CD0068C626 /* Info.plist */,
			);
			path = iTodoTests;
			sourceTree = "<group>";
		};
		52E6199223CD56CD0068C626 /* iTodoUITests */ = {
			isa = PBXGroup;
			children = (
				52E6199323CD56CD0068C626 /* iTodoUITests.swift */,
				52E6199523CD56CD0068C626 /* Info.plist */,
			);
			path = iTodoUITests;
			sourceTree = "<group>";
		};
/* End PBXGroup section */

/* Begin PBXNativeTarget section */
		52E6196D23CD56C90068C626 /* iTodo */ = {
			isa = PBXNativeTarget;
			buildConfigurationList = 52E6199823CD56CD0068C626 /* Build configuration list for PBXNativeTarget "iTodo" */;
			buildPhases = (
				52E6196A23CD56C90068C626 /* Sources */,
				52E6196B23CD56C90068C626 /* Frameworks */,
				52E6196C23CD56C90068C626 /* Resources */,
			);
			buildRules = (
			);
			dependencies = (
			);
			name = iTodo;
			productName = iTodo;
			productReference = 52E6196E23CD56C90068C626 /* iTodo.app */;
			productType = "com.apple.product-type.application";
		};
		52E6198323CD56CD0068C626 /* iTodoTests */ = {
			isa = PBXNativeTarget;
			buildConfigurationList = 52E6199B23CD56CD0068C626 /* Build configuration list for PBXNativeTarget "iTodoTests" */;
			buildPhases = (
				52E6198023CD56CD0068C626 /* Sources */,
				52E6198123CD56CD0068C626 /* Frameworks */,
				52E6198223CD56CD0068C626 /* Resources */,
			);
			buildRules = (
			);
			dependencies = (
				52E6198623CD56CD0068C626 /* PBXTargetDependency */,
			);
			name = iTodoTests;
			productName = iTodoTests;
			productReference = 52E6198423CD56CD0068C626 /* iTodoTests.xctest */;
			productType = "com.apple.product-type.bundle.unit-test";
		};
		52E6198E23CD56CD0068C626 /* iTodoUITests */ = {
			isa = PBXNativeTarget;
			buildConfigurationList = 52E6199E23CD56CD0068C626 /* Build configuration list for PBXNativeTarget "iTodoUITests" */;
			buildPhases = (
				52E6198B23CD56CD0068C626 /* Sources */,
				52E6198C23CD56CD0068C626 /* Frameworks */,
				52E6198D23CD56CD0068C626 /* Resources */,
			);
			buildRules = (
			);
			dependencies = (
				52E6199123CD56CD0068C626 /* PBXTargetDependency */,
			);
			name = iTodoUITests;
			productName = iTodoUITests;
			productReference = 52E6198F23CD56CD0068C626 /* iTodoUITests.xctest */;
			productType = "com.apple.product-type.bundle.ui-testing";
		};
/* End PBXNativeTarget section */

/* Begin PBXProject section */
		52E6196623CD56C90068C626 /* Project object */ = {
			isa = PBXProject;
			attributes = {
				LastSwiftUpdateCheck = 1130;
				LastUpgradeCheck = 1130;
				ORGANIZATIONNAME = TeamLuna;
				TargetAttributes = {
					52E6196D23CD56C90068C626 = {
						CreatedOnToolsVersion = 11.3;
					};
					52E6198323CD56CD0068C626 = {
						CreatedOnToolsVersion = 11.3;
						TestTargetID = 52E6196D23CD56C90068C626;
					};
					52E6198E23CD56CD0068C626 = {
						CreatedOnToolsVersion = 11.3;
						TestTargetID = 52E6196D23CD56C90068C626;
					};
				};
			};
			buildConfigurationList = 52E6196923CD56C90068C626 /* Build configuration list for PBXProject "iTodo" */;
			compatibilityVersion = "Xcode 9.3";
			developmentRegion = en;
			hasScannedForEncodings = 0;
			knownRegions = (
				en,
				Base,
			);
			mainGroup = 52E6196523CD56C90068C626;
			productRefGroup = 52E6196F23CD56C90068C626 /* Products */;
			projectDirPath = "";
			projectRoot = "";
			targets = (
				52E6196D23CD56C90068C626 /* iTodo */,
				52E6198323CD56CD0068C626 /* iTodoTests */,
				52E6198E23CD56CD0068C626 /* iTodoUITests */,
			);
		};
/* End PBXProject section */

/* Begin PBXResourcesBuildPhase section */
		52E6196C23CD56C90068C626 /* Resources */ = {
			isa = PBXResourcesBuildPhase;
			buildActionMask = 2147483647;
			files = (
				52E6197E23CD56CD0068C626 /* LaunchScreen.storyboard in Resources */,
				52E6197B23CD56CD0068C626 /* Assets.xcassets in Resources */,
				52E6197923CD56C90068C626 /* Main.storyboard in Resources */,
			);
			runOnlyForDeploymentPostprocessing = 0;
		};
		52E6198223CD56CD0068C626 /* Resources */ = {
			isa = PBXResourcesBuildPhase;
			buildActionMask = 2147483647;
			files = (
			);
			runOnlyForDeploymentPostprocessing = 0;
		};
		52E6198D23CD56CD0068C626 /* Resources */ = {
			isa = PBXResourcesBuildPhase;
			buildActionMask = 2147483647;
			files = (
			);
			runOnlyForDeploymentPostprocessing = 0;
		};
/* End PBXResourcesBuildPhase section */

/* Begin PBXSourcesBuildPhase section */
		52E6196A23CD56C90068C626 /* Sources */ = {
			isa = PBXSourcesBuildPhase;
			buildActionMask = 2147483647;
			files = (
				52E6197623CD56C90068C626 /* ViewController.swift in Sources */,
				52E6197223CD56C90068C626 /* AppDelegate.swift in Sources */,
				52E6197423CD56C90068C626 /* SceneDelegate.swift in Sources */,
			);
			runOnlyForDeploymentPostprocessing = 0;
		};
		52E6198023CD56CD0068C626 /* Sources */ = {
			isa = PBXSourcesBuildPhase;
			buildActionMask = 2147483647;
			files = (
				52E6198923CD56CD0068C626 /* iTodoTests.swift in Sources */,
			);
			runOnlyForDeploymentPostprocessing = 0;
		};
		52E6198B23CD56CD0068C626 /* Sources */ = {
			isa = PBXSourcesBuildPhase;
			buildActionMask = 2147483647;
			files = (
				52E6199423CD56CD0068C626 /* iTodoUITests.swift in Sources */,
			);
			runOnlyForDeploymentPostprocessing = 0;
		};
/* End PBXSourcesBuildPhase section */

/* Begin PBXTargetDependency section */
		52E6198623CD56CD0068C626 /* PBXTargetDependency */ = {
			isa = PBXTargetDependency;
			target = 52E6196D23CD56C90068C626 /* iTodo */;
			targetProxy = 52E6198523CD56CD0068C626 /* PBXContainerItemProxy */;
		};
		52E6199123CD56CD0068C626 /* PBXTargetDependency */ = {
			isa = PBXTargetDependency;
			target = 52E6196D23CD56C90068C626 /* iTodo */;
			targetProxy = 52E6199023CD56CD0068C626 /* PBXContainerItemProxy */;
		};
/* End PBXTargetDependency section */

/* Begin PBXVariantGroup section */
		52E6197723CD56C90068C626 /* Main.storyboard */ = {
			isa = PBXVariantGroup;
			children = (
				52E6197823CD56C90068C626 /* Base */,
			);
			name = Main.storyboard;
			sourceTree = "<group>";
		};
		52E6197C23CD56CD0068C626 /* LaunchScreen.storyboard */ = {
			isa = PBXVariantGroup;
			children = (
				52E6197D23CD56CD0068C626 /* Base */,
			);
			name = LaunchScreen.storyboard;
			sourceTree = "<group>";
		};
/* End PBXVariantGroup section */

/* Begin XCBuildConfiguration section */
		52E6199623CD56CD0068C626 /* Debug */ = {
			isa = XCBuildConfiguration;
			buildSettings = {
				ALWAYS_SEARCH_USER_PATHS = NO;
				CLANG_ANALYZER_NONNULL = YES;
				CLANG_ANALYZER_NUMBER_OBJECT_CONVERSION = YES_AGGRESSIVE;
				CLANG_CXX_LANGUAGE_STANDARD = "gnu++14";
				CLANG_CXX_LIBRARY = "libc++";
				CLANG_ENABLE_MODULES = YES;
				CLANG_ENABLE_OBJC_ARC = YES;
				CLANG_ENABLE_OBJC_WEAK = YES;
				CLANG_WARN_BLOCK_CAPTURE_AUTORELEASING = YES;
				CLANG_WARN_BOOL_CONVERSION = YES;
				CLANG_WARN_COMMA = YES;
				CLANG_WARN_CONSTANT_CONVERSION = YES;
				CLANG_WARN_DEPRECATED_OBJC_IMPLEMENTATIONS = YES;
				CLANG_WARN_DIRECT_OBJC_ISA_USAGE = YES_ERROR;
				CLANG_WARN_DOCUMENTATION_COMMENTS = YES;
				CLANG_WARN_EMPTY_BODY = YES;
				CLANG_WARN_ENUM_CONVERSION = YES;
				CLANG_WARN_INFINITE_RECURSION = YES;
				CLANG_WARN_INT_CONVERSION = YES;
				CLANG_WARN_NON_LITERAL_NULL_CONVERSION = YES;
				CLANG_WARN_OBJC_IMPLICIT_RETAIN_SELF = YES;
				CLANG_WARN_OBJC_LITERAL_CONVERSION = YES;
				CLANG_WARN_OBJC_ROOT_CLASS = YES_ERROR;
				CLANG_WARN_RANGE_LOOP_ANALYSIS = YES;
				CLANG_WARN_STRICT_PROTOTYPES = YES;
				CLANG_WARN_SUSPICIOUS_MOVE = YES;
				CLANG_WARN_UNGUARDED_AVAILABILITY = YES_AGGRESSIVE;
				CLANG_WARN_UNREACHABLE_CODE = YES;
				CLANG_WARN__DUPLICATE_METHOD_MATCH = YES;
				COPY_PHASE_STRIP = NO;
				DEBUG_INFORMATION_FORMAT = dwarf;
				ENABLE_STRICT_OBJC_MSGSEND = YES;
				ENABLE_TESTABILITY = YES;
				GCC_C_LANGUAGE_STANDARD = gnu11;
				GCC_DYNAMIC_NO_PIC = NO;
				GCC_NO_COMMON_BLOCKS = YES;
				GCC_OPTIMIZATION_LEVEL = 0;
				GCC_PREPROCESSOR_DEFINITIONS = (
					"DEBUG=1",
					"$(inherited)",
				);
				GCC_WARN_64_TO_32_BIT_CONVERSION = YES;
				GCC_WARN_ABOUT_RETURN_TYPE = YES_ERROR;
				GCC_WARN_UNDECLARED_SELECTOR = YES;
				GCC_WARN_UNINITIALIZED_AUTOS = YES_AGGRESSIVE;
				GCC_WARN_UNUSED_FUNCTION = YES;
				GCC_WARN_UNUSED_VARIABLE = YES;
				IPHONEOS_DEPLOYMENT_TARGET = 13.2;
				MTL_ENABLE_DEBUG_INFO = INCLUDE_SOURCE;
				MTL_FAST_MATH = YES;
				ONLY_ACTIVE_ARCH = YES;
				SDKROOT = iphoneos;
				SWIFT_ACTIVE_COMPILATION_CONDITIONS = DEBUG;
				SWIFT_OPTIMIZATION_LEVEL = "-Onone";
			};
			name = Debug;
		};
		52E6199723CD56CD0068C626 /* Release */ = {
			isa = XCBuildConfiguration;
			buildSettings = {
				ALWAYS_SEARCH_USER_PATHS = NO;
				CLANG_ANALYZER_NONNULL = YES;
				CLANG_ANALYZER_NUMBER_OBJECT_CONVERSION = YES_AGGRESSIVE;
				CLANG_CXX_LANGUAGE_STANDARD = "gnu++14";
				CLANG_CXX_LIBRARY = "libc++";
				CLANG_ENABLE_MODULES = YES;
				CLANG_ENABLE_OBJC_ARC = YES;
				CLANG_ENABLE_OBJC_WEAK = YES;
				CLANG_WARN_BLOCK_CAPTURE_AUTORELEASING = YES;
				CLANG_WARN_BOOL_CONVERSION = YES;
				CLANG_WARN_COMMA = YES;
				CLANG_WARN_CONSTANT_CONVERSION = YES;
				CLANG_WARN_DEPRECATED_OBJC_IMPLEMENTATIONS = YES;
				CLANG_WARN_DIRECT_OBJC_ISA_USAGE = YES_ERROR;
				CLANG_WARN_DOCUMENTATION_COMMENTS = YES;
				CLANG_WARN_EMPTY_BODY = YES;
				CLANG_WARN_ENUM_CONVERSION = YES;
				CLANG_WARN_INFINITE_RECURSION = YES;
				CLANG_WARN_INT_CONVERSION = YES;
				CLANG_WARN_NON_LITERAL_NULL_CONVERSION = YES;
				CLANG_WARN_OBJC_IMPLICIT_RETAIN_SELF = YES;
				CLANG_WARN_OBJC_LITERAL_CONVERSION = YES;
				CLANG_WARN_OBJC_ROOT_CLASS = YES_ERROR;
				CLANG_WARN_RANGE_LOOP_ANALYSIS = YES;
				CLANG_WARN_STRICT_PROTOTYPES = YES;
				CLANG_WARN_SUSPICIOUS_MOVE = YES;
				CLANG_WARN_UNGUARDED_AVAILABILITY = YES_AGGRESSIVE;
				CLANG_WARN_UNREACHABLE_CODE = YES;
				CLANG_WARN__DUPLICATE_METHOD_MATCH = YES;
				COPY_PHASE_STRIP = NO;
				DEBUG_INFORMATION_FORMAT = "dwarf-with-dsym";
				ENABLE_NS_ASSERTIONS = NO;
				ENABLE_STRICT_OBJC_MSGSEND = YES;
				GCC_C_LANGUAGE_STANDARD = gnu11;
				GCC_NO_COMMON_BLOCKS = YES;
				GCC_WARN_64_TO_32_BIT_CONVERSION = YES;
				GCC_WARN_ABOUT_RETURN_TYPE = YES_ERROR;
				GCC_WARN_UNDECLARED_SELECTOR = YES;
				GCC_WARN_UNINITIALIZED_AUTOS = YES_AGGRESSIVE;
				GCC_WARN_UNUSED_FUNCTION = YES;
				GCC_WARN_UNUSED_VARIABLE = YES;
				IPHONEOS_DEPLOYMENT_TARGET = 13.2;
				MTL_ENABLE_DEBUG_INFO = NO;
				MTL_FAST_MATH = YES;
				SDKROOT = iphoneos;
				SWIFT_COMPILATION_MODE = wholemodule;
				SWIFT_OPTIMIZATION_LEVEL = "-O";
				VALIDATE_PRODUCT = YES;
			};
			name = Release;
		};
		52E6199923CD56CD0068C626 /* Debug */ = {
			isa = XCBuildConfiguration;
			buildSettings = {
				ASSETCATALOG_COMPILER_APPICON_NAME = AppIcon;
				CODE_SIGN_STYLE = Automatic;
				DEVELOPMENT_TEAM = B9C7RXV7S2;
				INFOPLIST_FILE = iTodo/Info.plist;
				LD_RUNPATH_SEARCH_PATHS = (
					"$(inherited)",
					"@executable_path/Frameworks",
				);
				PRODUCT_BUNDLE_IDENTIFIER = HienHo.iTodo;
				PRODUCT_NAME = "$(TARGET_NAME)";
				SWIFT_VERSION = 5.0;
				TARGETED_DEVICE_FAMILY = "1,2";
			};
			name = Debug;
		};
		52E6199A23CD56CD0068C626 /* Release */ = {
			isa = XCBuildConfiguration;
			buildSettings = {
				ASSETCATALOG_COMPILER_APPICON_NAME = AppIcon;
				CODE_SIGN_STYLE = Automatic;
				DEVELOPMENT_TEAM = B9C7RXV7S2;
				INFOPLIST_FILE = iTodo/Info.plist;
				LD_RUNPATH_SEARCH_PATHS = (
					"$(inherited)",
					"@executable_path/Frameworks",
				);
				PRODUCT_BUNDLE_IDENTIFIER = HienHo.iTodo;
				PRODUCT_NAME = "$(TARGET_NAME)";
				SWIFT_VERSION = 5.0;
				TARGETED_DEVICE_FAMILY = "1,2";
			};
			name = Release;
		};
		52E6199C23CD56CD0068C626 /* Debug */ = {
			isa = XCBuildConfiguration;
			buildSettings = {
				ALWAYS_EMBED_SWIFT_STANDARD_LIBRARIES = YES;
				BUNDLE_LOADER = "$(TEST_HOST)";
				CODE_SIGN_STYLE = Automatic;
				DEVELOPMENT_TEAM = B9C7RXV7S2;
				INFOPLIST_FILE = iTodoTests/Info.plist;
				IPHONEOS_DEPLOYMENT_TARGET = 13.2;
				LD_RUNPATH_SEARCH_PATHS = (
					"$(inherited)",
					"@executable_path/Frameworks",
					"@loader_path/Frameworks",
				);
				PRODUCT_BUNDLE_IDENTIFIER = HienHo.iTodoTests;
				PRODUCT_NAME = "$(TARGET_NAME)";
				SWIFT_VERSION = 5.0;
				TARGETED_DEVICE_FAMILY = "1,2";
				TEST_HOST = "$(BUILT_PRODUCTS_DIR)/iTodo.app/iTodo";
			};
			name = Debug;
		};
		52E6199D23CD56CD0068C626 /* Release */ = {
			isa = XCBuildConfiguration;
			buildSettings = {
				ALWAYS_EMBED_SWIFT_STANDARD_LIBRARIES = YES;
				BUNDLE_LOADER = "$(TEST_HOST)";
				CODE_SIGN_STYLE = Automatic;
				DEVELOPMENT_TEAM = B9C7RXV7S2;
				INFOPLIST_FILE = iTodoTests/Info.plist;
				IPHONEOS_DEPLOYMENT_TARGET = 13.2;
				LD_RUNPATH_SEARCH_PATHS = (
					"$(inherited)",
					"@executable_path/Frameworks",
					"@loader_path/Frameworks",
				);
				PRODUCT_BUNDLE_IDENTIFIER = HienHo.iTodoTests;
				PRODUCT_NAME = "$(TARGET_NAME)";
				SWIFT_VERSION = 5.0;
				TARGETED_DEVICE_FAMILY = "1,2";
				TEST_HOST = "$(BUILT_PRODUCTS_DIR)/iTodo.app/iTodo";
			};
			name = Release;
		};
		52E6199F23CD56CD0068C626 /* Debug */ = {
			isa = XCBuildConfiguration;
			buildSettings = {
				ALWAYS_EMBED_SWIFT_STANDARD_LIBRARIES = YES;
				CODE_SIGN_STYLE = Automatic;
				DEVELOPMENT_TEAM = B9C7RXV7S2;
				INFOPLIST_FILE = iTodoUITests/Info.plist;
				LD_RUNPATH_SEARCH_PATHS = (
					"$(inherited)",
					"@executable_path/Frameworks",
					"@loader_path/Frameworks",
				);
				PRODUCT_BUNDLE_IDENTIFIER = HienHo.iTodoUITests;
				PRODUCT_NAME = "$(TARGET_NAME)";
				SWIFT_VERSION = 5.0;
				TARGETED_DEVICE_FAMILY = "1,2";
				TEST_TARGET_NAME = iTodo;
			};
			name = Debug;
		};
		52E619A023CD56CD0068C626 /* Release */ = {
			isa = XCBuildConfiguration;
			buildSettings = {
				ALWAYS_EMBED_SWIFT_STANDARD_LIBRARIES = YES;
				CODE_SIGN_STYLE = Automatic;
				DEVELOPMENT_TEAM = B9C7RXV7S2;
				INFOPLIST_FILE = iTodoUITests/Info.plist;
				LD_RUNPATH_SEARCH_PATHS = (
					"$(inherited)",
					"@executable_path/Frameworks",
					"@loader_path/Frameworks",
				);
				PRODUCT_BUNDLE_IDENTIFIER = HienHo.iTodoUITests;
				PRODUCT_NAME = "$(TARGET_NAME)";
				SWIFT_VERSION = 5.0;
				TARGETED_DEVICE_FAMILY = "1,2";
				TEST_TARGET_NAME = iTodo;
			};
			name = Release;
		};
/* End XCBuildConfiguration section */

/* Begin XCConfigurationList section */
		52E6196923CD56C90068C626 /* Build configuration list for PBXProject "iTodo" */ = {
			isa = XCConfigurationList;
			buildConfigurations = (
				52E6199623CD56CD0068C626 /* Debug */,
				52E6199723CD56CD0068C626 /* Release */,
			);
			defaultConfigurationIsVisible = 0;
			defaultConfigurationName = Release;
		};
		52E6199823CD56CD0068C626 /* Build configuration list for PBXNativeTarget "iTodo" */ = {
			isa = XCConfigurationList;
			buildConfigurations = (
				52E6199923CD56CD0068C626 /* Debug */,
				52E6199A23CD56CD0068C626 /* Release */,
			);
			defaultConfigurationIsVisible = 0;
			defaultConfigurationName = Release;
		};
		52E6199B23CD56CD0068C626 /* Build configuration list for PBXNativeTarget "iTodoTests" */ = {
			isa = XCConfigurationList;
			buildConfigurations = (
				52E6199C23CD56CD0068C626 /* Debug */,
				52E6199D23CD56CD0068C626 /* Release */,
			);
			defaultConfigurationIsVisible = 0;
			defaultConfigurationName = Release;
		};
		52E6199E23CD56CD0068C626 /* Build configuration list for PBXNativeTarget "iTodoUITests" */ = {
			isa = XCConfigurationList;
			buildConfigurations = (
				52E6199F23CD56CD0068C626 /* Debug */,
				52E619A023CD56CD0068C626 /* Release */,
			);
			defaultConfigurationIsVisible = 0;
			defaultConfigurationName = Release;
		};
/* End XCConfigurationList section */
	};
	rootObject = 52E6196623CD56C90068C626 /* Project object */;
}
